// !$*UTF8*$!
{
	archiveVersion = 1;
	classes = {
	};
	objectVersion = 46;
	objects = {

/* Begin PBXBuildFile section */
		2E0F89CB209D668C00DBA8EE /* audioio.mm in Sources */ = {isa = PBXBuildFile; fileRef = 2E0F89C6209D668C00DBA8EE /* audioio.mm */; settings = {COMPILER_FLAGS = "-fno-objc-arc"; }; };
		2E0F89CC209D668C00DBA8EE /* AudioIOPlugin.mm in Sources */ = {isa = PBXBuildFile; fileRef = 2E0F89C8209D668C00DBA8EE /* AudioIOPlugin.mm */; settings = {COMPILER_FLAGS = "-fno-objc-arc"; }; };
		2E0F89CF209D67B000DBA8EE /* AVFoundation.framework in Frameworks */ = {isa = PBXBuildFile; fileRef = 2E0F89CE209D67B000DBA8EE /* AVFoundation.framework */; };
		2E0F89D1209D67BE00DBA8EE /* Foundation.framework in Frameworks */ = {isa = PBXBuildFile; fileRef = 2E0F89D0209D67BE00DBA8EE /* Foundation.framework */; };
		2E0F89D3209D67C700DBA8EE /* AudioToolbox.framework in Frameworks */ = {isa = PBXBuildFile; fileRef = 2E0F89D2209D67C700DBA8EE /* AudioToolbox.framework */; };
		2ECF004A209D6617005BCCEF /* audioio.h in CopyFiles */ = {isa = PBXBuildFile; fileRef = 2ECF0047209D6617005BCCEF /* audioio.h */; };
/* End PBXBuildFile section */

/* Begin PBXCopyFilesBuildPhase section */
		2ECF0042209D6617005BCCEF /* CopyFiles */ = {
			isa = PBXCopyFilesBuildPhase;
			buildActionMask = 2147483647;
			dstPath = "include/$(PRODUCT_NAME)";
			dstSubfolderSpec = 16;
			files = (
				2ECF004A209D6617005BCCEF /* audioio.h in CopyFiles */,
			);
			runOnlyForDeploymentPostprocessing = 0;
		};
/* End PBXCopyFilesBuildPhase section */

/* Begin PBXFileReference section */
		2E0F89C4209D668C00DBA8EE /* audioio_define.h */ = {isa = PBXFileReference; fileEncoding = 4; lastKnownFileType = sourcecode.c.h; path = audioio_define.h; sourceTree = "<group>"; };
		2E0F89C5209D668C00DBA8EE /* audioio_func.h */ = {isa = PBXFileReference; fileEncoding = 4; lastKnownFileType = sourcecode.c.h; path = audioio_func.h; sourceTree = "<group>"; };
		2E0F89C6209D668C00DBA8EE /* audioio.mm */ = {isa = PBXFileReference; fileEncoding = 4; lastKnownFileType = sourcecode.cpp.objcpp; path = audioio.mm; sourceTree = "<group>"; };
		2E0F89C7209D668C00DBA8EE /* AudioIOPlugin.h */ = {isa = PBXFileReference; fileEncoding = 4; lastKnownFileType = sourcecode.c.h; path = AudioIOPlugin.h; sourceTree = "<group>"; };
		2E0F89C8209D668C00DBA8EE /* AudioIOPlugin.mm */ = {isa = PBXFileReference; fileEncoding = 4; lastKnownFileType = sourcecode.cpp.objcpp; path = AudioIOPlugin.mm; sourceTree = "<group>"; };
		2E0F89C9209D668C00DBA8EE /* const.h */ = {isa = PBXFileReference; fileEncoding = 4; lastKnownFileType = sourcecode.c.h; path = const.h; sourceTree = "<group>"; };
		2E0F89CA209D668C00DBA8EE /* debug.h */ = {isa = PBXFileReference; fileEncoding = 4; lastKnownFileType = sourcecode.c.h; path = debug.h; sourceTree = "<group>"; };
		2E0F89CE209D67B000DBA8EE /* AVFoundation.framework */ = {isa = PBXFileReference; lastKnownFileType = wrapper.framework; name = AVFoundation.framework; path = System/Library/Frameworks/AVFoundation.framework; sourceTree = SDKROOT; };
		2E0F89D0209D67BE00DBA8EE /* Foundation.framework */ = {isa = PBXFileReference; lastKnownFileType = wrapper.framework; name = Foundation.framework; path = System/Library/Frameworks/Foundation.framework; sourceTree = SDKROOT; };
		2E0F89D2209D67C700DBA8EE /* AudioToolbox.framework */ = {isa = PBXFileReference; lastKnownFileType = wrapper.framework; name = AudioToolbox.framework; path = System/Library/Frameworks/AudioToolbox.framework; sourceTree = SDKROOT; };
		2ECF0044209D6617005BCCEF /* libaudioio.a */ = {isa = PBXFileReference; explicitFileType = archive.ar; includeInIndex = 0; path = libaudioio.a; sourceTree = BUILT_PRODUCTS_DIR; };
		2ECF0047209D6617005BCCEF /* audioio.h */ = {isa = PBXFileReference; lastKnownFileType = sourcecode.c.h; path = audioio.h; sourceTree = "<group>"; };
/* End PBXFileReference section */

/* Begin PBXFrameworksBuildPhase section */
		2ECF0041209D6617005BCCEF /* Frameworks */ = {
			isa = PBXFrameworksBuildPhase;
			buildActionMask = 2147483647;
			files = (
				2E0F89D3209D67C700DBA8EE /* AudioToolbox.framework in Frameworks */,
				2E0F89D1209D67BE00DBA8EE /* Foundation.framework in Frameworks */,
				2E0F89CF209D67B000DBA8EE /* AVFoundation.framework in Frameworks */,
			);
			runOnlyForDeploymentPostprocessing = 0;
		};
/* End PBXFrameworksBuildPhase section */

/* Begin PBXGroup section */
		2E0F89CD209D67B000DBA8EE /* Frameworks */ = {
			isa = PBXGroup;
			children = (
				2E0F89D2209D67C700DBA8EE /* AudioToolbox.framework */,
				2E0F89D0209D67BE00DBA8EE /* Foundation.framework */,
				2E0F89CE209D67B000DBA8EE /* AVFoundation.framework */,
			);
			name = Frameworks;
			sourceTree = "<group>";
		};
		2ECF003B209D6617005BCCEF = {
			isa = PBXGroup;
			children = (
				2ECF0046209D6617005BCCEF /* audioio */,
				2ECF0045209D6617005BCCEF /* Products */,
				2E0F89CD209D67B000DBA8EE /* Frameworks */,
			);
			sourceTree = "<group>";
		};
		2ECF0045209D6617005BCCEF /* Products */ = {
			isa = PBXGroup;
			children = (
				2ECF0044209D6617005BCCEF /* libaudioio.a */,
			);
			name = Products;
			sourceTree = "<group>";
		};
		2ECF0046209D6617005BCCEF /* audioio */ = {
			isa = PBXGroup;
			children = (
				2E0F89C9209D668C00DBA8EE /* const.h */,
				2E0F89CA209D668C00DBA8EE /* debug.h */,
				2E0F89C7209D668C00DBA8EE /* AudioIOPlugin.h */,
				2E0F89C8209D668C00DBA8EE /* AudioIOPlugin.mm */,
				2E0F89C4209D668C00DBA8EE /* audioio_define.h */,
				2E0F89C5209D668C00DBA8EE /* audioio_func.h */,
				2ECF0047209D6617005BCCEF /* audioio.h */,
				2E0F89C6209D668C00DBA8EE /* audioio.mm */,
			);
			path = audioio;
			sourceTree = "<group>";
		};
/* End PBXGroup section */

/* Begin PBXNativeTarget section */
		2ECF0043209D6617005BCCEF /* audioio */ = {
			isa = PBXNativeTarget;
			buildConfigurationList = 2ECF004D209D6617005BCCEF /* Build configuration list for PBXNativeTarget "audioio" */;
			buildPhases = (
				2ECF0040209D6617005BCCEF /* Sources */,
				2ECF0041209D6617005BCCEF /* Frameworks */,
				2ECF0042209D6617005BCCEF /* CopyFiles */,
			);
			buildRules = (
			);
			dependencies = (
			);
			name = audioio;
			productName = audioio;
			productReference = 2ECF0044209D6617005BCCEF /* libaudioio.a */;
			productType = "com.apple.product-type.library.static";
		};
/* End PBXNativeTarget section */

/* Begin PBXProject section */
		2ECF003C209D6617005BCCEF /* Project object */ = {
			isa = PBXProject;
			attributes = {
				LastUpgradeCheck = 0810;
				ORGANIZATIONNAME = "Hiroaki Shibata";
				TargetAttributes = {
					2ECF0043209D6617005BCCEF = {
						CreatedOnToolsVersion = 8.1;
						ProvisioningStyle = Automatic;
					};
				};
			};
			buildConfigurationList = 2ECF003F209D6617005BCCEF /* Build configuration list for PBXProject "audioio" */;
			compatibilityVersion = "Xcode 3.2";
			developmentRegion = English;
			hasScannedForEncodings = 0;
			knownRegions = (
				en,
			);
			mainGroup = 2ECF003B209D6617005BCCEF;
			productRefGroup = 2ECF0045209D6617005BCCEF /* Products */;
			projectDirPath = "";
			projectRoot = "";
			targets = (
				2ECF0043209D6617005BCCEF /* audioio */,
			);
		};
/* End PBXProject section */

/* Begin PBXSourcesBuildPhase section */
		2ECF0040209D6617005BCCEF /* Sources */ = {
			isa = PBXSourcesBuildPhase;
			buildActionMask = 2147483647;
			files = (
				2E0F89CC209D668C00DBA8EE /* AudioIOPlugin.mm in Sources */,
				2E0F89CB209D668C00DBA8EE /* audioio.mm in Sources */,
			);
			runOnlyForDeploymentPostprocessing = 0;
		};
/* End PBXSourcesBuildPhase section */

/* Begin XCBuildConfiguration section */
		2ECF004B209D6617005BCCEF /* Debug */ = {
			isa = XCBuildConfiguration;
			buildSettings = {
				ALWAYS_SEARCH_USER_PATHS = NO;
				CLANG_ANALYZER_NONNULL = YES;
				CLANG_CXX_LANGUAGE_STANDARD = "gnu++0x";
				CLANG_CXX_LIBRARY = "libc++";
				CLANG_ENABLE_MODULES = YES;
				CLANG_ENABLE_OBJC_ARC = YES;
				CLANG_WARN_BOOL_CONVERSION = YES;
				CLANG_WARN_CONSTANT_CONVERSION = YES;
				CLANG_WARN_DIRECT_OBJC_ISA_USAGE = YES_ERROR;
				CLANG_WARN_DOCUMENTATION_COMMENTS = YES;
				CLANG_WARN_EMPTY_BODY = YES;
				CLANG_WARN_ENUM_CONVERSION = YES;
				CLANG_WARN_INFINITE_RECURSION = YES;
				CLANG_WARN_INT_CONVERSION = YES;
				CLANG_WARN_OBJC_ROOT_CLASS = YES_ERROR;
				CLANG_WARN_SUSPICIOUS_MOVES = YES;
				CLANG_WARN_UNREACHABLE_CODE = YES;
				CLANG_WARN__DUPLICATE_METHOD_MATCH = YES;
				"CODE_SIGN_IDENTITY[sdk=iphoneos*]" = "iPhone Developer";
				COPY_PHASE_STRIP = NO;
				DEBUG_INFORMATION_FORMAT = dwarf;
				ENABLE_STRICT_OBJC_MSGSEND = YES;
				ENABLE_TESTABILITY = YES;
				GCC_C_LANGUAGE_STANDARD = gnu99;
				GCC_DYNAMIC_NO_PIC = NO;
				GCC_NO_COMMON_BLOCKS = YES;
				GCC_OPTIMIZATION_LEVEL = 0;
				GCC_PREPROCESSOR_DEFINITIONS = (
					"DEBUG=1",
					"$(inherited)",
				);
				GCC_WARN_64_TO_32_BIT_CONVERSION = YES;
				GCC_WARN_ABOUT_RETURN_TYPE = YES_ERROR;
				GCC_WARN_UNDECLARED_SELECTOR = YES;
				GCC_WARN_UNINITIALIZED_AUTOS = YES_AGGRESSIVE;
				GCC_WARN_UNUSED_FUNCTION = YES;
				GCC_WARN_UNUSED_VARIABLE = YES;
				IPHONEOS_DEPLOYMENT_TARGET = 8.0;
				MTL_ENABLE_DEBUG_INFO = YES;
				ONLY_ACTIVE_ARCH = YES;
				SDKROOT = iphoneos;
			};
			name = Debug;
		};
		2ECF004C209D6617005BCCEF /* Release */ = {
			isa = XCBuildConfiguration;
			buildSettings = {
				ALWAYS_SEARCH_USER_PATHS = NO;
				CLANG_ANALYZER_NONNULL = YES;
				CLANG_CXX_LANGUAGE_STANDARD = "gnu++0x";
				CLANG_CXX_LIBRARY = "libc++";
				CLANG_ENABLE_MODULES = YES;
				CLANG_ENABLE_OBJC_ARC = YES;
				CLANG_WARN_BOOL_CONVERSION = YES;
				CLANG_WARN_CONSTANT_CONVERSION = YES;
				CLANG_WARN_DIRECT_OBJC_ISA_USAGE = YES_ERROR;
				CLANG_WARN_DOCUMENTATION_COMMENTS = YES;
				CLANG_WARN_EMPTY_BODY = YES;
				CLANG_WARN_ENUM_CONVERSION = YES;
				CLANG_WARN_INFINITE_RECURSION = YES;
				CLANG_WARN_INT_CONVERSION = YES;
				CLANG_WARN_OBJC_ROOT_CLASS = YES_ERROR;
				CLANG_WARN_SUSPICIOUS_MOVES = YES;
				CLANG_WARN_UNREACHABLE_CODE = YES;
				CLANG_WARN__DUPLICATE_METHOD_MATCH = YES;
				"CODE_SIGN_IDENTITY[sdk=iphoneos*]" = "iPhone Developer";
				COPY_PHASE_STRIP = NO;
				DEBUG_INFORMATION_FORMAT = "dwarf-with-dsym";
				ENABLE_NS_ASSERTIONS = NO;
				ENABLE_STRICT_OBJC_MSGSEND = YES;
				GCC_C_LANGUAGE_STANDARD = gnu99;
				GCC_NO_COMMON_BLOCKS = YES;
				GCC_WARN_64_TO_32_BIT_CONVERSION = YES;
				GCC_WARN_ABOUT_RETURN_TYPE = YES_ERROR;
				GCC_WARN_UNDECLARED_SELECTOR = YES;
				GCC_WARN_UNINITIALIZED_AUTOS = YES_AGGRESSIVE;
				GCC_WARN_UNUSED_FUNCTION = YES;
				GCC_WARN_UNUSED_VARIABLE = YES;
				IPHONEOS_DEPLOYMENT_TARGET = 8.0;
				MTL_ENABLE_DEBUG_INFO = NO;
				SDKROOT = iphoneos;
				VALIDATE_PRODUCT = YES;
			};
			name = Release;
		};
		2ECF004E209D6617005BCCEF /* Debug */ = {
			isa = XCBuildConfiguration;
			buildSettings = {
				IPHONEOS_DEPLOYMENT_TARGET = 8.0;
				ONLY_ACTIVE_ARCH = NO;
				OTHER_LDFLAGS = "-ObjC";
				PRODUCT_NAME = "$(TARGET_NAME)";
				SKIP_INSTALL = YES;
			};
			name = Debug;
		};
		2ECF004F209D6617005BCCEF /* Release */ = {
			isa = XCBuildConfiguration;
			buildSettings = {
				GCC_OPTIMIZATION_LEVEL = 3;
				IPHONEOS_DEPLOYMENT_TARGET = 8.0;
				OTHER_LDFLAGS = "-ObjC";
				PRODUCT_NAME = "$(TARGET_NAME)";
				SKIP_INSTALL = YES;
			};
			name = Release;
		};
/* End XCBuildConfiguration section */

/* Begin XCConfigurationList section */
		2ECF003F209D6617005BCCEF /* Build configuration list for PBXProject "audioio" */ = {
			isa = XCConfigurationList;
			buildConfigurations = (
				2ECF004B209D6617005BCCEF /* Debug */,
				2ECF004C209D6617005BCCEF /* Release */,
			);
			defaultConfigurationIsVisible = 0;
			defaultConfigurationName = Release;
		};
		2ECF004D209D6617005BCCEF /* Build configuration list for PBXNativeTarget "audioio" */ = {
			isa = XCConfigurationList;
			buildConfigurations = (
				2ECF004E209D6617005BCCEF /* Debug */,
				2ECF004F209D6617005BCCEF /* Release */,
			);
			defaultConfigurationIsVisible = 0;
			defaultConfigurationName = Release;
		};
/* End XCConfigurationList section */
	};
	rootObject = 2ECF003C209D6617005BCCEF /* Project object */;
}
